# This file is automatically @generated by Poetry 1.6.1 and should not be changed by hand.

[[package]]
name = "attrs"
version = "23.2.0"
description = "Classes Without Boilerplate"
optional = false
python-versions = ">=3.7"
files = [
    {file = "attrs-23.2.0-py3-none-any.whl", hash = "sha256:99b87a485a5820b23b879f04c2305b44b951b502fd64be915879d77a7e8fc6f1"},
    {file = "attrs-23.2.0.tar.gz", hash = "sha256:935dc3b529c262f6cf76e50877d35a4bd3c1de194fd41f47a2b7ae8f19971f30"},
]

[package.extras]
cov = ["attrs[tests]", "coverage[toml] (>=5.3)"]
dev = ["attrs[tests]", "pre-commit"]
docs = ["furo", "myst-parser", "sphinx", "sphinx-notfound-page", "sphinxcontrib-towncrier", "towncrier", "zope-interface"]
tests = ["attrs[tests-no-zope]", "zope-interface"]
tests-mypy = ["mypy (>=1.6)", "pytest-mypy-plugins"]
tests-no-zope = ["attrs[tests-mypy]", "cloudpickle", "hypothesis", "pympler", "pytest (>=4.3.0)", "pytest-xdist[psutil]"]

[[package]]
name = "docopt"
version = "0.6.2"
description = "Pythonic argument parser, that will make you smile"
optional = false
python-versions = "*"
files = [
    {file = "docopt-0.6.2.tar.gz", hash = "sha256:49b3a825280bd66b3aa83585ef59c4a8c82f2c8a522dbe754a8bc8d08c85c491"},
]

[[package]]
name = "num2words"
version = "0.5.13"
description = "Modules to convert numbers to words. Easily extensible."
optional = false
python-versions = "*"
files = [
    {file = "num2words-0.5.13-py3-none-any.whl", hash = "sha256:39e662c663f0a7e15415431ea68eb3dc711b49e3b776d93403e1da0a219ca4ee"},
    {file = "num2words-0.5.13.tar.gz", hash = "sha256:a3064716fbbf90d75c449450cebfbc73a6a13e63b2531d09bdecc3ab1a2209cf"},
]

[package.dependencies]
docopt = ">=0.6.2"

[[package]]
name = "number-parser"
version = "0.3.2"
description = "parse numbers written in natural language"
optional = false
python-versions = "*"
files = [
    {file = "number-parser-0.3.2.tar.gz", hash = "sha256:7650e91afd46dec2f40396f62c2babc84645679a1ca8ecdb5292bdd252685d6a"},
    {file = "number_parser-0.3.2-py2.py3-none-any.whl", hash = "sha256:beb20ce4c66d8e8f34dde1512a21f7c2a2aa3b068c60e230c4388d548ef3e3ca"},
]

[package.dependencies]
attrs = ">=17.3.0"

[metadata]
lock-version = "2.0"
python-versions = "^3.10"
content-hash = "c85fecbf200356426eadd261f9aab6a6fb8602633916735225b64a6eb2a66540"
